
Microsoft Visual Studio Solution File, Format Version 12.00
Project("{F2A71F9B-5D33-465A-A702-920D77279786}") = "AdventOfCode", "AdventOfCode\AdventOfCode.fsproj", "{9B83E5C4-4835-4971-A870-87D7B84E16C7}"
EndProject
Project("{F2A71F9B-5D33-465A-A702-920D77279786}") = "AdventOfCode02", "AdventOfCode02\AdventOfCode02.fsproj", "{3FA9609E-E2C9-4005-83D0-04FB80824012}"
EndProject
Global
	GlobalSection(SolutionConfigurationPlatforms) = preSolution
		Debug|Any CPU = Debug|Any CPU
		Release|Any CPU = Release|Any CPU
	EndGlobalSection
	GlobalSection(ProjectConfigurationPlatforms) = postSolution
		{9B83E5C4-4835-4971-A870-87D7B84E16C7}.Debug|Any CPU.ActiveCfg = Debug|Any CPU
		{9B83E5C4-4835-4971-A870-87D7B84E16C7}.Debug|Any CPU.Build.0 = Debug|Any CPU
		{9B83E5C4-4835-4971-A870-87D7B84E16C7}.Release|Any CPU.ActiveCfg = Release|Any CPU
		{9B83E5C4-4835-4971-A870-87D7B84E16C7}.Release|Any CPU.Build.0 = Release|Any CPU
		{3FA9609E-E2C9-4005-83D0-04FB80824012}.Debug|Any CPU.ActiveCfg = Debug|Any CPU
		{3FA9609E-E2C9-4005-83D0-04FB80824012}.Debug|Any CPU.Build.0 = Debug|Any CPU
		{3FA9609E-E2C9-4005-83D0-04FB80824012}.Release|Any CPU.ActiveCfg = Release|Any CPU
		{3FA9609E-E2C9-4005-83D0-04FB80824012}.Release|Any CPU.Build.0 = Release|Any CPU
	EndGlobalSection
EndGlobal
