
Microsoft Visual Studio Solution File, Format Version 12.00
Project("{F2A71F9B-5D33-465A-A702-920D77279786}") = "AdventOfCode", "AdventOfCode\AdventOfCode.fsproj", "{9B83E5C4-4835-4971-A870-87D7B84E16C7}"
EndProject
Project("{F2A71F9B-5D33-465A-A702-920D77279786}") = "AdventOfCode02", "AdventOfCode02\AdventOfCode02.fsproj", "{3FA9609E-E2C9-4005-83D0-04FB80824012}"
EndProject
Project("{F2A71F9B-5D33-465A-A702-920D77279786}") = "AdventOfCode03", "AdventOfCode03\AdventOfCode03.fsproj", "{9FB86E91-B36B-47DB-AC50-2E1351781097}"
EndProject
Project("{F2A71F9B-5D33-465A-A702-920D77279786}") = "AdventOfCode04", "AdventOfCode04\AdventOfCode04.fsproj", "{D50C71C8-1861-48C7-AEFA-C5AAD8DF37F0}"
EndProject
Project("{F2A71F9B-5D33-465A-A702-920D77279786}") = "AdventOfCode06", "AdventOfCode06\AdventOfCode06.fsproj", "{9ADD9DB7-0EFA-46ED-A670-A575807E24C7}"
EndProject
Project("{F2A71F9B-5D33-465A-A702-920D77279786}") = "AdventOfCode10", "AdventOfCode10\AdventOfCode10.fsproj", "{741C69DE-FD84-4325-9E6D-4FC9965DA75E}"
EndProject
Project("{F2A71F9B-5D33-465A-A702-920D77279786}") = "AdventOfCode05", "AdventOfCode05\AdventOfCode05.fsproj", "{CC9EB4FE-E3D0-4EB4-B23D-60D211BEAF81}"
EndProject
Project("{F2A71F9B-5D33-465A-A702-920D77279786}") = "AdventOfCode08", "AdventOfCode08\AdventOfCode08.fsproj", "{2A153C0E-C227-4815-A456-86C39D1FBFD4}"
EndProject
Project("{F2A71F9B-5D33-465A-A702-920D77279786}") = "AdventOfCode07", "AdventOfCode07\AdventOfCode07.fsproj", "{12F9FB51-3F2B-4BAE-8496-291E30A0985F}"
EndProject
Project("{F2A71F9B-5D33-465A-A702-920D77279786}") = "AdventOfCode11", "AdventOfCode11\AdventOfCode11.fsproj", "{D8452500-5721-407E-89D0-A4BA85D66307}"
EndProject
Global
	GlobalSection(SolutionConfigurationPlatforms) = preSolution
		Debug|Any CPU = Debug|Any CPU
		Release|Any CPU = Release|Any CPU
	EndGlobalSection
	GlobalSection(ProjectConfigurationPlatforms) = postSolution
		{9B83E5C4-4835-4971-A870-87D7B84E16C7}.Debug|Any CPU.ActiveCfg = Debug|Any CPU
		{9B83E5C4-4835-4971-A870-87D7B84E16C7}.Debug|Any CPU.Build.0 = Debug|Any CPU
		{9B83E5C4-4835-4971-A870-87D7B84E16C7}.Release|Any CPU.ActiveCfg = Release|Any CPU
		{9B83E5C4-4835-4971-A870-87D7B84E16C7}.Release|Any CPU.Build.0 = Release|Any CPU
		{3FA9609E-E2C9-4005-83D0-04FB80824012}.Debug|Any CPU.ActiveCfg = Debug|Any CPU
		{3FA9609E-E2C9-4005-83D0-04FB80824012}.Debug|Any CPU.Build.0 = Debug|Any CPU
		{3FA9609E-E2C9-4005-83D0-04FB80824012}.Release|Any CPU.ActiveCfg = Release|Any CPU
		{3FA9609E-E2C9-4005-83D0-04FB80824012}.Release|Any CPU.Build.0 = Release|Any CPU
		{9FB86E91-B36B-47DB-AC50-2E1351781097}.Debug|Any CPU.ActiveCfg = Debug|Any CPU
		{9FB86E91-B36B-47DB-AC50-2E1351781097}.Debug|Any CPU.Build.0 = Debug|Any CPU
		{9FB86E91-B36B-47DB-AC50-2E1351781097}.Release|Any CPU.ActiveCfg = Release|Any CPU
		{9FB86E91-B36B-47DB-AC50-2E1351781097}.Release|Any CPU.Build.0 = Release|Any CPU
		{D50C71C8-1861-48C7-AEFA-C5AAD8DF37F0}.Debug|Any CPU.ActiveCfg = Debug|Any CPU
		{D50C71C8-1861-48C7-AEFA-C5AAD8DF37F0}.Debug|Any CPU.Build.0 = Debug|Any CPU
		{D50C71C8-1861-48C7-AEFA-C5AAD8DF37F0}.Release|Any CPU.ActiveCfg = Release|Any CPU
		{D50C71C8-1861-48C7-AEFA-C5AAD8DF37F0}.Release|Any CPU.Build.0 = Release|Any CPU
		{9ADD9DB7-0EFA-46ED-A670-A575807E24C7}.Debug|Any CPU.ActiveCfg = Debug|Any CPU
		{9ADD9DB7-0EFA-46ED-A670-A575807E24C7}.Debug|Any CPU.Build.0 = Debug|Any CPU
		{9ADD9DB7-0EFA-46ED-A670-A575807E24C7}.Release|Any CPU.ActiveCfg = Release|Any CPU
		{9ADD9DB7-0EFA-46ED-A670-A575807E24C7}.Release|Any CPU.Build.0 = Release|Any CPU
		{741C69DE-FD84-4325-9E6D-4FC9965DA75E}.Debug|Any CPU.ActiveCfg = Debug|Any CPU
		{741C69DE-FD84-4325-9E6D-4FC9965DA75E}.Debug|Any CPU.Build.0 = Debug|Any CPU
		{741C69DE-FD84-4325-9E6D-4FC9965DA75E}.Release|Any CPU.ActiveCfg = Release|Any CPU
		{741C69DE-FD84-4325-9E6D-4FC9965DA75E}.Release|Any CPU.Build.0 = Release|Any CPU
		{CC9EB4FE-E3D0-4EB4-B23D-60D211BEAF81}.Debug|Any CPU.ActiveCfg = Debug|Any CPU
		{CC9EB4FE-E3D0-4EB4-B23D-60D211BEAF81}.Debug|Any CPU.Build.0 = Debug|Any CPU
		{CC9EB4FE-E3D0-4EB4-B23D-60D211BEAF81}.Release|Any CPU.ActiveCfg = Release|Any CPU
		{CC9EB4FE-E3D0-4EB4-B23D-60D211BEAF81}.Release|Any CPU.Build.0 = Release|Any CPU
		{2A153C0E-C227-4815-A456-86C39D1FBFD4}.Debug|Any CPU.ActiveCfg = Debug|Any CPU
		{2A153C0E-C227-4815-A456-86C39D1FBFD4}.Debug|Any CPU.Build.0 = Debug|Any CPU
		{2A153C0E-C227-4815-A456-86C39D1FBFD4}.Release|Any CPU.ActiveCfg = Release|Any CPU
		{2A153C0E-C227-4815-A456-86C39D1FBFD4}.Release|Any CPU.Build.0 = Release|Any CPU
		{12F9FB51-3F2B-4BAE-8496-291E30A0985F}.Debug|Any CPU.ActiveCfg = Debug|Any CPU
		{12F9FB51-3F2B-4BAE-8496-291E30A0985F}.Debug|Any CPU.Build.0 = Debug|Any CPU
		{12F9FB51-3F2B-4BAE-8496-291E30A0985F}.Release|Any CPU.ActiveCfg = Release|Any CPU
		{12F9FB51-3F2B-4BAE-8496-291E30A0985F}.Release|Any CPU.Build.0 = Release|Any CPU
		{D8452500-5721-407E-89D0-A4BA85D66307}.Debug|Any CPU.ActiveCfg = Debug|Any CPU
		{D8452500-5721-407E-89D0-A4BA85D66307}.Debug|Any CPU.Build.0 = Debug|Any CPU
		{D8452500-5721-407E-89D0-A4BA85D66307}.Release|Any CPU.ActiveCfg = Release|Any CPU
		{D8452500-5721-407E-89D0-A4BA85D66307}.Release|Any CPU.Build.0 = Release|Any CPU
	EndGlobalSection
EndGlobal
